
Microsoft Visual Studio Solution File, Format Version 12.00
# Visual Studio Version 16
VisualStudioVersion = 16.0.31025.194
MinimumVisualStudioVersion = 10.0.40219.1
Project("{FAE04EC0-301F-11D3-BF4B-00C04F79EFBC}") = "avaliação_tp1_2021", "avaliação_tp1_2021\avaliação_tp1_2021.csproj", "{53C7C4EA-A2E1-47A9-AD10-0DA78C5F8CEB}"
EndProject
Global
	GlobalSection(SolutionConfigurationPlatforms) = preSolution
		Debug|Any CPU = Debug|Any CPU
		Release|Any CPU = Release|Any CPU
	EndGlobalSection
	GlobalSection(ProjectConfigurationPlatforms) = postSolution
		{53C7C4EA-A2E1-47A9-AD10-0DA78C5F8CEB}.Debug|Any CPU.ActiveCfg = Debug|Any CPU
		{53C7C4EA-A2E1-47A9-AD10-0DA78C5F8CEB}.Debug|Any CPU.Build.0 = Debug|Any CPU
		{53C7C4EA-A2E1-47A9-AD10-0DA78C5F8CEB}.Release|Any CPU.ActiveCfg = Release|Any CPU
		{53C7C4EA-A2E1-47A9-AD10-0DA78C5F8CEB}.Release|Any CPU.Build.0 = Release|Any CPU
	EndGlobalSection
	GlobalSection(SolutionProperties) = preSolution
		HideSolutionNode = FALSE
	EndGlobalSection
	GlobalSection(ExtensibilityGlobals) = postSolution
		SolutionGuid = {35C0000E-F8E4-4EB5-A0F1-A4E2732A72A8}
	EndGlobalSection
EndGlobal
