
Microsoft Visual Studio Solution File, Format Version 12.00
# Visual Studio Version 16
VisualStudioVersion = 16.0.31025.194
MinimumVisualStudioVersion = 10.0.40219.1
Project("{FAE04EC0-301F-11D3-BF4B-00C04F79EFBC}") = "jogoAdvinhacao", "jogoAdvinhacao\jogoAdvinhacao.csproj", "{82AC6BDA-8ED3-4606-A297-98B13775906D}"
EndProject
Global
	GlobalSection(SolutionConfigurationPlatforms) = preSolution
		Debug|Any CPU = Debug|Any CPU
		Release|Any CPU = Release|Any CPU
	EndGlobalSection
	GlobalSection(ProjectConfigurationPlatforms) = postSolution
		{82AC6BDA-8ED3-4606-A297-98B13775906D}.Debug|Any CPU.ActiveCfg = Debug|Any CPU
		{82AC6BDA-8ED3-4606-A297-98B13775906D}.Debug|Any CPU.Build.0 = Debug|Any CPU
		{82AC6BDA-8ED3-4606-A297-98B13775906D}.Release|Any CPU.ActiveCfg = Release|Any CPU
		{82AC6BDA-8ED3-4606-A297-98B13775906D}.Release|Any CPU.Build.0 = Release|Any CPU
	EndGlobalSection
	GlobalSection(SolutionProperties) = preSolution
		HideSolutionNode = FALSE
	EndGlobalSection
	GlobalSection(ExtensibilityGlobals) = postSolution
		SolutionGuid = {ADD79B1B-663B-4662-8A41-30D7C40EDF9D}
	EndGlobalSection
EndGlobal
